
Microsoft Visual Studio Solution File, Format Version 12.00
# Visual Studio Version 17
VisualStudioVersion = 17.14.36221.1 d17.14
MinimumVisualStudioVersion = 10.0.40219.1
Project("{FAE04EC0-301F-11D3-BF4B-00C04F79EFBC}") = "Öğrenci Sistemi", "Öğrenci Sistemi\Öğrenci Sistemi.csproj", "{B0C53CFC-C785-48E8-8C5D-09704FBAF416}"
EndProject
Global
	GlobalSection(SolutionConfigurationPlatforms) = preSolution
		Debug|Any CPU = Debug|Any CPU
		Release|Any CPU = Release|Any CPU
	EndGlobalSection
	GlobalSection(ProjectConfigurationPlatforms) = postSolution
		{B0C53CFC-C785-48E8-8C5D-09704FBAF416}.Debug|Any CPU.ActiveCfg = Debug|Any CPU
		{B0C53CFC-C785-48E8-8C5D-09704FBAF416}.Debug|Any CPU.Build.0 = Debug|Any CPU
		{B0C53CFC-C785-48E8-8C5D-09704FBAF416}.Release|Any CPU.ActiveCfg = Release|Any CPU
		{B0C53CFC-C785-48E8-8C5D-09704FBAF416}.Release|Any CPU.Build.0 = Release|Any CPU
	EndGlobalSection
	GlobalSection(SolutionProperties) = preSolution
		HideSolutionNode = FALSE
	EndGlobalSection
	GlobalSection(ExtensibilityGlobals) = postSolution
		SolutionGuid = {E938AE16-BD70-42BA-86DE-4FA74D23BE22}
	EndGlobalSection
EndGlobal
